{
  "object": {
    "pins": [
      {
        "package": "CareKit",
        "repositoryURL": "https://github.com/nizar/CareKit.git",
        "state": {
          "branch": "future-tasks-fix",
          "revision": "379ad3ac9b0fdf3eab576ec5aabeb94b790319c9",
          "version": null
        }
      },
      {
        "package": "FHIRModels",
        "repositoryURL": "https://github.com/apple/FHIRModels.git",
        "state": {
          "branch": null,
          "revision": "c91e5bb74397136f79656bebdfda76a523d3e88c",
          "version": "0.3.2"
        }
      },
      {
        "package": "ParseSwift",
        "repositoryURL": "https://github.com/parse-community/Parse-Swift",
        "state": {
          "branch": null,
          "revision": "fb61b785de042ed2ae6efa5895d25d79ef2e9e93",
          "version": "1.1.3"
        }
      }
    ]
  },
  "version": 1
}
